
Microsoft Visual Studio Solution File, Format Version 12.00
# Visual Studio Version 17
VisualStudioVersion = 17.13.35919.96
MinimumVisualStudioVersion = 10.0.40219.1
Project("{FAE04EC0-301F-11D3-BF4B-00C04F79EFBC}") = "C# UnicomManagementSystem", "C# UnicomManagementSystem\C# UnicomManagementSystem.csproj", "{2A3574BC-210B-41B1-961F-0C9E0A3B8537}"
EndProject
Global
	GlobalSection(SolutionConfigurationPlatforms) = preSolution
		Debug|Any CPU = Debug|Any CPU
		Release|Any CPU = Release|Any CPU
	EndGlobalSection
	GlobalSection(ProjectConfigurationPlatforms) = postSolution
		{2A3574BC-210B-41B1-961F-0C9E0A3B8537}.Debug|Any CPU.ActiveCfg = Debug|Any CPU
		{2A3574BC-210B-41B1-961F-0C9E0A3B8537}.Debug|Any CPU.Build.0 = Debug|Any CPU
		{2A3574BC-210B-41B1-961F-0C9E0A3B8537}.Release|Any CPU.ActiveCfg = Release|Any CPU
		{2A3574BC-210B-41B1-961F-0C9E0A3B8537}.Release|Any CPU.Build.0 = Release|Any CPU
	EndGlobalSection
	GlobalSection(SolutionProperties) = preSolution
		HideSolutionNode = FALSE
	EndGlobalSection
	GlobalSection(ExtensibilityGlobals) = postSolution
		SolutionGuid = {89D9A70A-CCE4-4BDF-8788-D2DE897BA101}
	EndGlobalSection
EndGlobal
